
Microsoft Visual Studio Solution File, Format Version 12.00
# Visual Studio Version 17
VisualStudioVersion = 17.14.36301.6 d17.14
MinimumVisualStudioVersion = 10.0.40219.1
Project("{FAE04EC0-301F-11D3-BF4B-00C04F79EFBC}") = "SyncfusionBlazorProfessionalDataGrid", "SyncfusionBlazorProfessionalDataGrid\SyncfusionBlazorProfessionalDataGrid\SyncfusionBlazorProfessionalDataGrid.csproj", "{A0529276-8BC7-4B30-953A-02ACEF244869}"
EndProject
Project("{FAE04EC0-301F-11D3-BF4B-00C04F79EFBC}") = "SyncfusionBlazorProfessionalDataGrid.Client", "SyncfusionBlazorProfessionalDataGrid\SyncfusionBlazorProfessionalDataGrid.Client\SyncfusionBlazorProfessionalDataGrid.Client.csproj", "{376AE994-B84B-4DDB-A001-A1D5CC9C663E}"
EndProject
Global
	GlobalSection(SolutionConfigurationPlatforms) = preSolution
		Debug|Any CPU = Debug|Any CPU
		Release|Any CPU = Release|Any CPU
	EndGlobalSection
	GlobalSection(ProjectConfigurationPlatforms) = postSolution
		{A0529276-8BC7-4B30-953A-02ACEF244869}.Debug|Any CPU.ActiveCfg = Debug|Any CPU
		{A0529276-8BC7-4B30-953A-02ACEF244869}.Debug|Any CPU.Build.0 = Debug|Any CPU
		{A0529276-8BC7-4B30-953A-02ACEF244869}.Release|Any CPU.ActiveCfg = Release|Any CPU
		{A0529276-8BC7-4B30-953A-02ACEF244869}.Release|Any CPU.Build.0 = Release|Any CPU
		{376AE994-B84B-4DDB-A001-A1D5CC9C663E}.Debug|Any CPU.ActiveCfg = Debug|Any CPU
		{376AE994-B84B-4DDB-A001-A1D5CC9C663E}.Debug|Any CPU.Build.0 = Debug|Any CPU
		{376AE994-B84B-4DDB-A001-A1D5CC9C663E}.Release|Any CPU.ActiveCfg = Release|Any CPU
		{376AE994-B84B-4DDB-A001-A1D5CC9C663E}.Release|Any CPU.Build.0 = Release|Any CPU
	EndGlobalSection
	GlobalSection(SolutionProperties) = preSolution
		HideSolutionNode = FALSE
	EndGlobalSection
	GlobalSection(ExtensibilityGlobals) = postSolution
		SolutionGuid = {8871F995-D3B3-4068-8595-44CDA416E518}
	EndGlobalSection
EndGlobal
